// !$*UTF8*$!
{
	archiveVersion = 1;
	classes = {
	};
	objectVersion = 46;
	objects = {

/* Begin PBXBuildFile section */
		27EE759F1C351A270060E1E5 /* AppDelegate.swift in Sources */ = {isa = PBXBuildFile; fileRef = 27EE759E1C351A270060E1E5 /* AppDelegate.swift */; };
		27EE75A11C351A270060E1E5 /* ViewController.swift in Sources */ = {isa = PBXBuildFile; fileRef = 27EE75A01C351A270060E1E5 /* ViewController.swift */; };
		27EE75A41C351A270060E1E5 /* Main.storyboard in Resources */ = {isa = PBXBuildFile; fileRef = 27EE75A21C351A270060E1E5 /* Main.storyboard */; };
		27EE75A71C351A270060E1E5 /* Conote_iOS.xcdatamodeld in Sources */ = {isa = PBXBuildFile; fileRef = 27EE75A51C351A270060E1E5 /* Conote_iOS.xcdatamodeld */; };
		27EE75A91C351A270060E1E5 /* Assets.xcassets in Resources */ = {isa = PBXBuildFile; fileRef = 27EE75A81C351A270060E1E5 /* Assets.xcassets */; };
		27EE75AC1C351A270060E1E5 /* LaunchScreen.storyboard in Resources */ = {isa = PBXBuildFile; fileRef = 27EE75AA1C351A270060E1E5 /* LaunchScreen.storyboard */; };
		27EE75B71C351A270060E1E5 /* Conote_iOSTests.swift in Sources */ = {isa = PBXBuildFile; fileRef = 27EE75B61C351A270060E1E5 /* Conote_iOSTests.swift */; };
		27EE75C21C351A270060E1E5 /* Conote_iOSUITests.swift in Sources */ = {isa = PBXBuildFile; fileRef = 27EE75C11C351A270060E1E5 /* Conote_iOSUITests.swift */; };
/* End PBXBuildFile section */

/* Begin PBXContainerItemProxy section */
		27EE75B31C351A270060E1E5 /* PBXContainerItemProxy */ = {
			isa = PBXContainerItemProxy;
			containerPortal = 27EE75931C351A270060E1E5 /* Project object */;
			proxyType = 1;
			remoteGlobalIDString = 27EE759A1C351A270060E1E5;
			remoteInfo = "Conote-iOS";
		};
		27EE75BE1C351A270060E1E5 /* PBXContainerItemProxy */ = {
			isa = PBXContainerItemProxy;
			containerPortal = 27EE75931C351A270060E1E5 /* Project object */;
			proxyType = 1;
			remoteGlobalIDString = 27EE759A1C351A270060E1E5;
			remoteInfo = "Conote-iOS";
		};
/* End PBXContainerItemProxy section */

/* Begin PBXFileReference section */
		27EE759B1C351A270060E1E5 /* Conote-iOS.app */ = {isa = PBXFileReference; explicitFileType = wrapper.application; includeInIndex = 0; path = "Conote-iOS.app"; sourceTree = BUILT_PRODUCTS_DIR; };
		27EE759E1C351A270060E1E5 /* AppDelegate.swift */ = {isa = PBXFileReference; lastKnownFileType = sourcecode.swift; path = AppDelegate.swift; sourceTree = "<group>"; };
		27EE75A01C351A270060E1E5 /* ViewController.swift */ = {isa = PBXFileReference; lastKnownFileType = sourcecode.swift; path = ViewController.swift; sourceTree = "<group>"; };
		27EE75A31C351A270060E1E5 /* Base */ = {isa = PBXFileReference; lastKnownFileType = file.storyboard; name = Base; path = Base.lproj/Main.storyboard; sourceTree = "<group>"; };
		27EE75A61C351A270060E1E5 /* Conote_iOS.xcdatamodel */ = {isa = PBXFileReference; lastKnownFileType = wrapper.xcdatamodel; path = Conote_iOS.xcdatamodel; sourceTree = "<group>"; };
		27EE75A81C351A270060E1E5 /* Assets.xcassets */ = {isa = PBXFileReference; lastKnownFileType = folder.assetcatalog; path = Assets.xcassets; sourceTree = "<group>"; };
		27EE75AB1C351A270060E1E5 /* Base */ = {isa = PBXFileReference; lastKnownFileType = file.storyboard; name = Base; path = Base.lproj/LaunchScreen.storyboard; sourceTree = "<group>"; };
		27EE75AD1C351A270060E1E5 /* Info.plist */ = {isa = PBXFileReference; lastKnownFileType = text.plist.xml; path = Info.plist; sourceTree = "<group>"; };
		27EE75B21C351A270060E1E5 /* Conote-iOSTests.xctest */ = {isa = PBXFileReference; explicitFileType = wrapper.cfbundle; includeInIndex = 0; path = "Conote-iOSTests.xctest"; sourceTree = BUILT_PRODUCTS_DIR; };
		27EE75B61C351A270060E1E5 /* Conote_iOSTests.swift */ = {isa = PBXFileReference; lastKnownFileType = sourcecode.swift; path = Conote_iOSTests.swift; sourceTree = "<group>"; };
		27EE75B81C351A270060E1E5 /* Info.plist */ = {isa = PBXFileReference; lastKnownFileType = text.plist.xml; path = Info.plist; sourceTree = "<group>"; };
		27EE75BD1C351A270060E1E5 /* Conote-iOSUITests.xctest */ = {isa = PBXFileReference; explicitFileType = wrapper.cfbundle; includeInIndex = 0; path = "Conote-iOSUITests.xctest"; sourceTree = BUILT_PRODUCTS_DIR; };
		27EE75C11C351A270060E1E5 /* Conote_iOSUITests.swift */ = {isa = PBXFileReference; lastKnownFileType = sourcecode.swift; path = Conote_iOSUITests.swift; sourceTree = "<group>"; };
		27EE75C31C351A270060E1E5 /* Info.plist */ = {isa = PBXFileReference; lastKnownFileType = text.plist.xml; path = Info.plist; sourceTree = "<group>"; };
/* End PBXFileReference section */

/* Begin PBXFrameworksBuildPhase section */
		27EE75981C351A270060E1E5 /* Frameworks */ = {
			isa = PBXFrameworksBuildPhase;
			buildActionMask = 2147483647;
			files = (
			);
			runOnlyForDeploymentPostprocessing = 0;
		};
		27EE75AF1C351A270060E1E5 /* Frameworks */ = {
			isa = PBXFrameworksBuildPhase;
			buildActionMask = 2147483647;
			files = (
			);
			runOnlyForDeploymentPostprocessing = 0;
		};
		27EE75BA1C351A270060E1E5 /* Frameworks */ = {
			isa = PBXFrameworksBuildPhase;
			buildActionMask = 2147483647;
			files = (
			);
			runOnlyForDeploymentPostprocessing = 0;
		};
/* End PBXFrameworksBuildPhase section */

/* Begin PBXGroup section */
		27EE75921C351A270060E1E5 = {
			isa = PBXGroup;
			children = (
				27EE759D1C351A270060E1E5 /* Conote-iOS */,
				27EE75B51C351A270060E1E5 /* Conote-iOSTests */,
				27EE75C01C351A270060E1E5 /* Conote-iOSUITests */,
				27EE759C1C351A270060E1E5 /* Products */,
			);
			sourceTree = "<group>";
		};
		27EE759C1C351A270060E1E5 /* Products */ = {
			isa = PBXGroup;
			children = (
				27EE759B1C351A270060E1E5 /* Conote-iOS.app */,
				27EE75B21C351A270060E1E5 /* Conote-iOSTests.xctest */,
				27EE75BD1C351A270060E1E5 /* Conote-iOSUITests.xctest */,
			);
			name = Products;
			sourceTree = "<group>";
		};
		27EE759D1C351A270060E1E5 /* Conote-iOS */ = {
			isa = PBXGroup;
			children = (
				27EE759E1C351A270060E1E5 /* AppDelegate.swift */,
				27EE75A01C351A270060E1E5 /* ViewController.swift */,
				27EE75A21C351A270060E1E5 /* Main.storyboard */,
				27EE75A81C351A270060E1E5 /* Assets.xcassets */,
				27EE75AA1C351A270060E1E5 /* LaunchScreen.storyboard */,
				27EE75AD1C351A270060E1E5 /* Info.plist */,
				27EE75A51C351A270060E1E5 /* Conote_iOS.xcdatamodeld */,
			);
			path = "Conote-iOS";
			sourceTree = "<group>";
		};
		27EE75B51C351A270060E1E5 /* Conote-iOSTests */ = {
			isa = PBXGroup;
			children = (
				27EE75B61C351A270060E1E5 /* Conote_iOSTests.swift */,
				27EE75B81C351A270060E1E5 /* Info.plist */,
			);
			path = "Conote-iOSTests";
			sourceTree = "<group>";
		};
		27EE75C01C351A270060E1E5 /* Conote-iOSUITests */ = {
			isa = PBXGroup;
			children = (
				27EE75C11C351A270060E1E5 /* Conote_iOSUITests.swift */,
				27EE75C31C351A270060E1E5 /* Info.plist */,
			);
			path = "Conote-iOSUITests";
			sourceTree = "<group>";
		};
/* End PBXGroup section */

/* Begin PBXNativeTarget section */
		27EE759A1C351A270060E1E5 /* Conote-iOS */ = {
			isa = PBXNativeTarget;
			buildConfigurationList = 27EE75C61C351A270060E1E5 /* Build configuration list for PBXNativeTarget "Conote-iOS" */;
			buildPhases = (
				27EE75971C351A270060E1E5 /* Sources */,
				27EE75981C351A270060E1E5 /* Frameworks */,
				27EE75991C351A270060E1E5 /* Resources */,
			);
			buildRules = (
			);
			dependencies = (
			);
			name = "Conote-iOS";
			productName = "Conote-iOS";
			productReference = 27EE759B1C351A270060E1E5 /* Conote-iOS.app */;
			productType = "com.apple.product-type.application";
		};
		27EE75B11C351A270060E1E5 /* Conote-iOSTests */ = {
			isa = PBXNativeTarget;
			buildConfigurationList = 27EE75C91C351A270060E1E5 /* Build configuration list for PBXNativeTarget "Conote-iOSTests" */;
			buildPhases = (
				27EE75AE1C351A270060E1E5 /* Sources */,
				27EE75AF1C351A270060E1E5 /* Frameworks */,
				27EE75B01C351A270060E1E5 /* Resources */,
			);
			buildRules = (
			);
			dependencies = (
				27EE75B41C351A270060E1E5 /* PBXTargetDependency */,
			);
			name = "Conote-iOSTests";
			productName = "Conote-iOSTests";
			productReference = 27EE75B21C351A270060E1E5 /* Conote-iOSTests.xctest */;
			productType = "com.apple.product-type.bundle.unit-test";
		};
		27EE75BC1C351A270060E1E5 /* Conote-iOSUITests */ = {
			isa = PBXNativeTarget;
			buildConfigurationList = 27EE75CC1C351A270060E1E5 /* Build configuration list for PBXNativeTarget "Conote-iOSUITests" */;
			buildPhases = (
				27EE75B91C351A270060E1E5 /* Sources */,
				27EE75BA1C351A270060E1E5 /* Frameworks */,
				27EE75BB1C351A270060E1E5 /* Resources */,
			);
			buildRules = (
			);
			dependencies = (
				27EE75BF1C351A270060E1E5 /* PBXTargetDependency */,
			);
			name = "Conote-iOSUITests";
			productName = "Conote-iOSUITests";
			productReference = 27EE75BD1C351A270060E1E5 /* Conote-iOSUITests.xctest */;
			productType = "com.apple.product-type.bundle.ui-testing";
		};
/* End PBXNativeTarget section */

/* Begin PBXProject section */
		27EE75931C351A270060E1E5 /* Project object */ = {
			isa = PBXProject;
			attributes = {
				LastSwiftUpdateCheck = 0720;
				LastUpgradeCheck = 0720;
				ORGANIZATIONNAME = Jsunc;
				TargetAttributes = {
					27EE759A1C351A270060E1E5 = {
						CreatedOnToolsVersion = 7.2;
					};
					27EE75B11C351A270060E1E5 = {
						CreatedOnToolsVersion = 7.2;
						TestTargetID = 27EE759A1C351A270060E1E5;
					};
					27EE75BC1C351A270060E1E5 = {
						CreatedOnToolsVersion = 7.2;
						TestTargetID = 27EE759A1C351A270060E1E5;
					};
				};
			};
			buildConfigurationList = 27EE75961C351A270060E1E5 /* Build configuration list for PBXProject "Conote-iOS" */;
			compatibilityVersion = "Xcode 3.2";
			developmentRegion = English;
			hasScannedForEncodings = 0;
			knownRegions = (
				en,
				Base,
			);
			mainGroup = 27EE75921C351A270060E1E5;
			productRefGroup = 27EE759C1C351A270060E1E5 /* Products */;
			projectDirPath = "";
			projectRoot = "";
			targets = (
				27EE759A1C351A270060E1E5 /* Conote-iOS */,
				27EE75B11C351A270060E1E5 /* Conote-iOSTests */,
				27EE75BC1C351A270060E1E5 /* Conote-iOSUITests */,
			);
		};
/* End PBXProject section */

/* Begin PBXResourcesBuildPhase section */
		27EE75991C351A270060E1E5 /* Resources */ = {
			isa = PBXResourcesBuildPhase;
			buildActionMask = 2147483647;
			files = (
				27EE75AC1C351A270060E1E5 /* LaunchScreen.storyboard in Resources */,
				27EE75A91C351A270060E1E5 /* Assets.xcassets in Resources */,
				27EE75A41C351A270060E1E5 /* Main.storyboard in Resources */,
			);
			runOnlyForDeploymentPostprocessing = 0;
		};
		27EE75B01C351A270060E1E5 /* Resources */ = {
			isa = PBXResourcesBuildPhase;
			buildActionMask = 2147483647;
			files = (
			);
			runOnlyForDeploymentPostprocessing = 0;
		};
		27EE75BB1C351A270060E1E5 /* Resources */ = {
			isa = PBXResourcesBuildPhase;
			buildActionMask = 2147483647;
			files = (
			);
			runOnlyForDeploymentPostprocessing = 0;
		};
/* End PBXResourcesBuildPhase section */

/* Begin PBXSourcesBuildPhase section */
		27EE75971C351A270060E1E5 /* Sources */ = {
			isa = PBXSourcesBuildPhase;
			buildActionMask = 2147483647;
			files = (
				27EE75A11C351A270060E1E5 /* ViewController.swift in Sources */,
				27EE75A71C351A270060E1E5 /* Conote_iOS.xcdatamodeld in Sources */,
				27EE759F1C351A270060E1E5 /* AppDelegate.swift in Sources */,
			);
			runOnlyForDeploymentPostprocessing = 0;
		};
		27EE75AE1C351A270060E1E5 /* Sources */ = {
			isa = PBXSourcesBuildPhase;
			buildActionMask = 2147483647;
			files = (
				27EE75B71C351A270060E1E5 /* Conote_iOSTests.swift in Sources */,
			);
			runOnlyForDeploymentPostprocessing = 0;
		};
		27EE75B91C351A270060E1E5 /* Sources */ = {
			isa = PBXSourcesBuildPhase;
			buildActionMask = 2147483647;
			files = (
				27EE75C21C351A270060E1E5 /* Conote_iOSUITests.swift in Sources */,
			);
			runOnlyForDeploymentPostprocessing = 0;
		};
/* End PBXSourcesBuildPhase section */

/* Begin PBXTargetDependency section */
		27EE75B41C351A270060E1E5 /* PBXTargetDependency */ = {
			isa = PBXTargetDependency;
			target = 27EE759A1C351A270060E1E5 /* Conote-iOS */;
			targetProxy = 27EE75B31C351A270060E1E5 /* PBXContainerItemProxy */;
		};
		27EE75BF1C351A270060E1E5 /* PBXTargetDependency */ = {
			isa = PBXTargetDependency;
			target = 27EE759A1C351A270060E1E5 /* Conote-iOS */;
			targetProxy = 27EE75BE1C351A270060E1E5 /* PBXContainerItemProxy */;
		};
/* End PBXTargetDependency section */

/* Begin PBXVariantGroup section */
		27EE75A21C351A270060E1E5 /* Main.storyboard */ = {
			isa = PBXVariantGroup;
			children = (
				27EE75A31C351A270060E1E5 /* Base */,
			);
			name = Main.storyboard;
			sourceTree = "<group>";
		};
		27EE75AA1C351A270060E1E5 /* LaunchScreen.storyboard */ = {
			isa = PBXVariantGroup;
			children = (
				27EE75AB1C351A270060E1E5 /* Base */,
			);
			name = LaunchScreen.storyboard;
			sourceTree = "<group>";
		};
/* End PBXVariantGroup section */

/* Begin XCBuildConfiguration section */
		27EE75C41C351A270060E1E5 /* Debug */ = {
			isa = XCBuildConfiguration;
			buildSettings = {
				ALWAYS_SEARCH_USER_PATHS = NO;
				CLANG_CXX_LANGUAGE_STANDARD = "gnu++0x";
				CLANG_CXX_LIBRARY = "libc++";
				CLANG_ENABLE_MODULES = YES;
				CLANG_ENABLE_OBJC_ARC = YES;
				CLANG_WARN_BOOL_CONVERSION = YES;
				CLANG_WARN_CONSTANT_CONVERSION = YES;
				CLANG_WARN_DIRECT_OBJC_ISA_USAGE = YES_ERROR;
				CLANG_WARN_EMPTY_BODY = YES;
				CLANG_WARN_ENUM_CONVERSION = YES;
				CLANG_WARN_INT_CONVERSION = YES;
				CLANG_WARN_OBJC_ROOT_CLASS = YES_ERROR;
				CLANG_WARN_UNREACHABLE_CODE = YES;
				CLANG_WARN__DUPLICATE_METHOD_MATCH = YES;
				"CODE_SIGN_IDENTITY[sdk=iphoneos*]" = "iPhone Developer";
				COPY_PHASE_STRIP = NO;
				DEBUG_INFORMATION_FORMAT = dwarf;
				ENABLE_STRICT_OBJC_MSGSEND = YES;
				ENABLE_TESTABILITY = YES;
				GCC_C_LANGUAGE_STANDARD = gnu99;
				GCC_DYNAMIC_NO_PIC = NO;
				GCC_NO_COMMON_BLOCKS = YES;
				GCC_OPTIMIZATION_LEVEL = 0;
				GCC_PREPROCESSOR_DEFINITIONS = (
					"DEBUG=1",
					"$(inherited)",
				);
				GCC_WARN_64_TO_32_BIT_CONVERSION = YES;
				GCC_WARN_ABOUT_RETURN_TYPE = YES_ERROR;
				GCC_WARN_UNDECLARED_SELECTOR = YES;
				GCC_WARN_UNINITIALIZED_AUTOS = YES_AGGRESSIVE;
				GCC_WARN_UNUSED_FUNCTION = YES;
				GCC_WARN_UNUSED_VARIABLE = YES;
				IPHONEOS_DEPLOYMENT_TARGET = 9.2;
				MTL_ENABLE_DEBUG_INFO = YES;
				ONLY_ACTIVE_ARCH = YES;
				SDKROOT = iphoneos;
				SWIFT_OPTIMIZATION_LEVEL = "-Onone";
				TARGETED_DEVICE_FAMILY = "1,2";
			};
			name = Debug;
		};
		27EE75C51C351A270060E1E5 /* Release */ = {
			isa = XCBuildConfiguration;
			buildSettings = {
				ALWAYS_SEARCH_USER_PATHS = NO;
				CLANG_CXX_LANGUAGE_STANDARD = "gnu++0x";
				CLANG_CXX_LIBRARY = "libc++";
				CLANG_ENABLE_MODULES = YES;
				CLANG_ENABLE_OBJC_ARC = YES;
				CLANG_WARN_BOOL_CONVERSION = YES;
				CLANG_WARN_CONSTANT_CONVERSION = YES;
				CLANG_WARN_DIRECT_OBJC_ISA_USAGE = YES_ERROR;
				CLANG_WARN_EMPTY_BODY = YES;
				CLANG_WARN_ENUM_CONVERSION = YES;
				CLANG_WARN_INT_CONVERSION = YES;
				CLANG_WARN_OBJC_ROOT_CLASS = YES_ERROR;
				CLANG_WARN_UNREACHABLE_CODE = YES;
				CLANG_WARN__DUPLICATE_METHOD_MATCH = YES;
				"CODE_SIGN_IDENTITY[sdk=iphoneos*]" = "iPhone Developer";
				COPY_PHASE_STRIP = NO;
				DEBUG_INFORMATION_FORMAT = "dwarf-with-dsym";
				ENABLE_NS_ASSERTIONS = NO;
				ENABLE_STRICT_OBJC_MSGSEND = YES;
				GCC_C_LANGUAGE_STANDARD = gnu99;
				GCC_NO_COMMON_BLOCKS = YES;
				GCC_WARN_64_TO_32_BIT_CONVERSION = YES;
				GCC_WARN_ABOUT_RETURN_TYPE = YES_ERROR;
				GCC_WARN_UNDECLARED_SELECTOR = YES;
				GCC_WARN_UNINITIALIZED_AUTOS = YES_AGGRESSIVE;
				GCC_WARN_UNUSED_FUNCTION = YES;
				GCC_WARN_UNUSED_VARIABLE = YES;
				IPHONEOS_DEPLOYMENT_TARGET = 9.2;
				MTL_ENABLE_DEBUG_INFO = NO;
				SDKROOT = iphoneos;
				TARGETED_DEVICE_FAMILY = "1,2";
				VALIDATE_PRODUCT = YES;
			};
			name = Release;
		};
		27EE75C71C351A270060E1E5 /* Debug */ = {
			isa = XCBuildConfiguration;
			buildSettings = {
				ASSETCATALOG_COMPILER_APPICON_NAME = AppIcon;
				INFOPLIST_FILE = "Conote-iOS/Info.plist";
				LD_RUNPATH_SEARCH_PATHS = "$(inherited) @executable_path/Frameworks";
				PRODUCT_BUNDLE_IDENTIFIER = "com.jsunc.conote.Conote-iOS";
				PRODUCT_NAME = "$(TARGET_NAME)";
			};
			name = Debug;
		};
		27EE75C81C351A270060E1E5 /* Release */ = {
			isa = XCBuildConfiguration;
			buildSettings = {
				ASSETCATALOG_COMPILER_APPICON_NAME = AppIcon;
				INFOPLIST_FILE = "Conote-iOS/Info.plist";
				LD_RUNPATH_SEARCH_PATHS = "$(inherited) @executable_path/Frameworks";
				PRODUCT_BUNDLE_IDENTIFIER = "com.jsunc.conote.Conote-iOS";
				PRODUCT_NAME = "$(TARGET_NAME)";
			};
			name = Release;
		};
		27EE75CA1C351A270060E1E5 /* Debug */ = {
			isa = XCBuildConfiguration;
			buildSettings = {
				BUNDLE_LOADER = "$(TEST_HOST)";
				INFOPLIST_FILE = "Conote-iOSTests/Info.plist";
				LD_RUNPATH_SEARCH_PATHS = "$(inherited) @executable_path/Frameworks @loader_path/Frameworks";
				PRODUCT_BUNDLE_IDENTIFIER = "com.jsunc.conote.Conote-iOSTests";
				PRODUCT_NAME = "$(TARGET_NAME)";
				TEST_HOST = "$(BUILT_PRODUCTS_DIR)/Conote-iOS.app/Conote-iOS";
			};
			name = Debug;
		};
		27EE75CB1C351A270060E1E5 /* Release */ = {
			isa = XCBuildConfiguration;
			buildSettings = {
				BUNDLE_LOADER = "$(TEST_HOST)";
				INFOPLIST_FILE = "Conote-iOSTests/Info.plist";
				LD_RUNPATH_SEARCH_PATHS = "$(inherited) @executable_path/Frameworks @loader_path/Frameworks";
				PRODUCT_BUNDLE_IDENTIFIER = "com.jsunc.conote.Conote-iOSTests";
				PRODUCT_NAME = "$(TARGET_NAME)";
				TEST_HOST = "$(BUILT_PRODUCTS_DIR)/Conote-iOS.app/Conote-iOS";
			};
			name = Release;
		};
		27EE75CD1C351A270060E1E5 /* Debug */ = {
			isa = XCBuildConfiguration;
			buildSettings = {
				INFOPLIST_FILE = "Conote-iOSUITests/Info.plist";
				LD_RUNPATH_SEARCH_PATHS = "$(inherited) @executable_path/Frameworks @loader_path/Frameworks";
				PRODUCT_BUNDLE_IDENTIFIER = "com.jsunc.conote.Conote-iOSUITests";
				PRODUCT_NAME = "$(TARGET_NAME)";
				TEST_TARGET_NAME = "Conote-iOS";
				USES_XCTRUNNER = YES;
			};
			name = Debug;
		};
		27EE75CE1C351A270060E1E5 /* Release */ = {
			isa = XCBuildConfiguration;
			buildSettings = {
				INFOPLIST_FILE = "Conote-iOSUITests/Info.plist";
				LD_RUNPATH_SEARCH_PATHS = "$(inherited) @executable_path/Frameworks @loader_path/Frameworks";
				PRODUCT_BUNDLE_IDENTIFIER = "com.jsunc.conote.Conote-iOSUITests";
				PRODUCT_NAME = "$(TARGET_NAME)";
				TEST_TARGET_NAME = "Conote-iOS";
				USES_XCTRUNNER = YES;
			};
			name = Release;
		};
/* End XCBuildConfiguration section */

/* Begin XCConfigurationList section */
		27EE75961C351A270060E1E5 /* Build configuration list for PBXProject "Conote-iOS" */ = {
			isa = XCConfigurationList;
			buildConfigurations = (
				27EE75C41C351A270060E1E5 /* Debug */,
				27EE75C51C351A270060E1E5 /* Release */,
			);
			defaultConfigurationIsVisible = 0;
			defaultConfigurationName = Release;
		};
		27EE75C61C351A270060E1E5 /* Build configuration list for PBXNativeTarget "Conote-iOS" */ = {
			isa = XCConfigurationList;
			buildConfigurations = (
				27EE75C71C351A270060E1E5 /* Debug */,
				27EE75C81C351A270060E1E5 /* Release */,
			);
			defaultConfigurationIsVisible = 0;
		};
		27EE75C91C351A270060E1E5 /* Build configuration list for PBXNativeTarget "Conote-iOSTests" */ = {
			isa = XCConfigurationList;
			buildConfigurations = (
				27EE75CA1C351A270060E1E5 /* Debug */,
				27EE75CB1C351A270060E1E5 /* Release */,
			);
			defaultConfigurationIsVisible = 0;
		};
		27EE75CC1C351A270060E1E5 /* Build configuration list for PBXNativeTarget "Conote-iOSUITests" */ = {
			isa = XCConfigurationList;
			buildConfigurations = (
				27EE75CD1C351A270060E1E5 /* Debug */,
				27EE75CE1C351A270060E1E5 /* Release */,
			);
			defaultConfigurationIsVisible = 0;
		};
/* End XCConfigurationList section */

/* Begin XCVersionGroup section */
		27EE75A51C351A270060E1E5 /* Conote_iOS.xcdatamodeld */ = {
			isa = XCVersionGroup;
			children = (
				27EE75A61C351A270060E1E5 /* Conote_iOS.xcdatamodel */,
			);
			currentVersion = 27EE75A61C351A270060E1E5 /* Conote_iOS.xcdatamodel */;
			path = Conote_iOS.xcdatamodeld;
			sourceTree = "<group>";
			versionGroupType = wrapper.xcdatamodel;
		};
/* End XCVersionGroup section */
	};
	rootObject = 27EE75931C351A270060E1E5 /* Project object */;
}
